// !$*UTF8*$!
{
	archiveVersion = 1;
	classes = {
	};
	objectVersion = 46;
	objects = {

/* Begin PBXBuildFile section */
		B4691F971E03BCF4001BDC81 /* main.m in Sources */ = {isa = PBXBuildFile; fileRef = B4691F961E03BCF4001BDC81 /* main.m */; };
		B4691F9A1E03BCF4001BDC81 /* AppDelegate.m in Sources */ = {isa = PBXBuildFile; fileRef = B4691F991E03BCF4001BDC81 /* AppDelegate.m */; };
		B4691F9D1E03BCF4001BDC81 /* ViewController.m in Sources */ = {isa = PBXBuildFile; fileRef = B4691F9C1E03BCF4001BDC81 /* ViewController.m */; };
		B4691FA01E03BCF4001BDC81 /* Main.storyboard in Resources */ = {isa = PBXBuildFile; fileRef = B4691F9E1E03BCF4001BDC81 /* Main.storyboard */; };
		B4691FA21E03BCF4001BDC81 /* Assets.xcassets in Resources */ = {isa = PBXBuildFile; fileRef = B4691FA11E03BCF4001BDC81 /* Assets.xcassets */; };
		B4691FA51E03BCF4001BDC81 /* LaunchScreen.storyboard in Resources */ = {isa = PBXBuildFile; fileRef = B4691FA31E03BCF4001BDC81 /* LaunchScreen.storyboard */; };
		B4691FAE1E03BF30001BDC81 /* LockViewController.m in Sources */ = {isa = PBXBuildFile; fileRef = B4691FAD1E03BF30001BDC81 /* LockViewController.m */; };
		B4691FB11E03C3B5001BDC81 /* LockView.m in Sources */ = {isa = PBXBuildFile; fileRef = B4691FB01E03C3B5001BDC81 /* LockView.m */; };
		B4691FB71E03C8D9001BDC81 /* LockButton.m in Sources */ = {isa = PBXBuildFile; fileRef = B4691FB61E03C8D9001BDC81 /* LockButton.m */; };
		B4691FBB1E0516CA001BDC81 /* PswView.m in Sources */ = {isa = PBXBuildFile; fileRef = B4691FBA1E0516CA001BDC81 /* PswView.m */; };
		B4691FBE1E0516F3001BDC81 /* InputPswView.m in Sources */ = {isa = PBXBuildFile; fileRef = B4691FBD1E0516F3001BDC81 /* InputPswView.m */; };
/* End PBXBuildFile section */

/* Begin PBXFileReference section */
		B4691F921E03BCF4001BDC81 /* PswLock.app */ = {isa = PBXFileReference; explicitFileType = wrapper.application; includeInIndex = 0; path = PswLock.app; sourceTree = BUILT_PRODUCTS_DIR; };
		B4691F961E03BCF4001BDC81 /* main.m */ = {isa = PBXFileReference; lastKnownFileType = sourcecode.c.objc; path = main.m; sourceTree = "<group>"; };
		B4691F981E03BCF4001BDC81 /* AppDelegate.h */ = {isa = PBXFileReference; lastKnownFileType = sourcecode.c.h; path = AppDelegate.h; sourceTree = "<group>"; };
		B4691F991E03BCF4001BDC81 /* AppDelegate.m */ = {isa = PBXFileReference; lastKnownFileType = sourcecode.c.objc; path = AppDelegate.m; sourceTree = "<group>"; };
		B4691F9B1E03BCF4001BDC81 /* ViewController.h */ = {isa = PBXFileReference; lastKnownFileType = sourcecode.c.h; path = ViewController.h; sourceTree = "<group>"; };
		B4691F9C1E03BCF4001BDC81 /* ViewController.m */ = {isa = PBXFileReference; lastKnownFileType = sourcecode.c.objc; path = ViewController.m; sourceTree = "<group>"; };
		B4691F9F1E03BCF4001BDC81 /* Base */ = {isa = PBXFileReference; lastKnownFileType = file.storyboard; name = Base; path = Base.lproj/Main.storyboard; sourceTree = "<group>"; };
		B4691FA11E03BCF4001BDC81 /* Assets.xcassets */ = {isa = PBXFileReference; lastKnownFileType = folder.assetcatalog; path = Assets.xcassets; sourceTree = "<group>"; };
		B4691FA41E03BCF4001BDC81 /* Base */ = {isa = PBXFileReference; lastKnownFileType = file.storyboard; name = Base; path = Base.lproj/LaunchScreen.storyboard; sourceTree = "<group>"; };
		B4691FA61E03BCF4001BDC81 /* Info.plist */ = {isa = PBXFileReference; lastKnownFileType = text.plist.xml; path = Info.plist; sourceTree = "<group>"; };
		B4691FAC1E03BF30001BDC81 /* LockViewController.h */ = {isa = PBXFileReference; fileEncoding = 4; lastKnownFileType = sourcecode.c.h; path = LockViewController.h; sourceTree = "<group>"; };
		B4691FAD1E03BF30001BDC81 /* LockViewController.m */ = {isa = PBXFileReference; fileEncoding = 4; lastKnownFileType = sourcecode.c.objc; path = LockViewController.m; sourceTree = "<group>"; };
		B4691FAF1E03C3B5001BDC81 /* LockView.h */ = {isa = PBXFileReference; fileEncoding = 4; lastKnownFileType = sourcecode.c.h; path = LockView.h; sourceTree = "<group>"; };
		B4691FB01E03C3B5001BDC81 /* LockView.m */ = {isa = PBXFileReference; fileEncoding = 4; lastKnownFileType = sourcecode.c.objc; path = LockView.m; sourceTree = "<group>"; };
		B4691FB51E03C8D9001BDC81 /* LockButton.h */ = {isa = PBXFileReference; fileEncoding = 4; lastKnownFileType = sourcecode.c.h; path = LockButton.h; sourceTree = "<group>"; };
		B4691FB61E03C8D9001BDC81 /* LockButton.m */ = {isa = PBXFileReference; fileEncoding = 4; lastKnownFileType = sourcecode.c.objc; path = LockButton.m; sourceTree = "<group>"; };
		B4691FB91E0516CA001BDC81 /* PswView.h */ = {isa = PBXFileReference; fileEncoding = 4; lastKnownFileType = sourcecode.c.h; path = PswView.h; sourceTree = "<group>"; };
		B4691FBA1E0516CA001BDC81 /* PswView.m */ = {isa = PBXFileReference; fileEncoding = 4; lastKnownFileType = sourcecode.c.objc; path = PswView.m; sourceTree = "<group>"; };
		B4691FBC1E0516F3001BDC81 /* InputPswView.h */ = {isa = PBXFileReference; fileEncoding = 4; lastKnownFileType = sourcecode.c.h; path = InputPswView.h; sourceTree = "<group>"; };
		B4691FBD1E0516F3001BDC81 /* InputPswView.m */ = {isa = PBXFileReference; fileEncoding = 4; lastKnownFileType = sourcecode.c.objc; path = InputPswView.m; sourceTree = "<group>"; };
/* End PBXFileReference section */

/* Begin PBXFrameworksBuildPhase section */
		B4691F8F1E03BCF4001BDC81 /* Frameworks */ = {
			isa = PBXFrameworksBuildPhase;
			buildActionMask = 2147483647;
			files = (
			);
			runOnlyForDeploymentPostprocessing = 0;
		};
/* End PBXFrameworksBuildPhase section */

/* Begin PBXGroup section */
		B4691F891E03BCF4001BDC81 = {
			isa = PBXGroup;
			children = (
				B4691F941E03BCF4001BDC81 /* PswLock */,
				B4691F931E03BCF4001BDC81 /* Products */,
			);
			sourceTree = "<group>";
		};
		B4691F931E03BCF4001BDC81 /* Products */ = {
			isa = PBXGroup;
			children = (
				B4691F921E03BCF4001BDC81 /* PswLock.app */,
			);
			name = Products;
			sourceTree = "<group>";
		};
		B4691F941E03BCF4001BDC81 /* PswLock */ = {
			isa = PBXGroup;
			children = (
				B4691F981E03BCF4001BDC81 /* AppDelegate.h */,
				B4691F991E03BCF4001BDC81 /* AppDelegate.m */,
				B4691F9B1E03BCF4001BDC81 /* ViewController.h */,
				B4691F9C1E03BCF4001BDC81 /* ViewController.m */,
				B4691F9E1E03BCF4001BDC81 /* Main.storyboard */,
				B4691FB91E0516CA001BDC81 /* PswView.h */,
				B4691FBA1E0516CA001BDC81 /* PswView.m */,
				B4691FBC1E0516F3001BDC81 /* InputPswView.h */,
				B4691FBD1E0516F3001BDC81 /* InputPswView.m */,
				B4691FB81E0513DF001BDC81 /* GestureLock */,
				B4691FA11E03BCF4001BDC81 /* Assets.xcassets */,
				B4691FA31E03BCF4001BDC81 /* LaunchScreen.storyboard */,
				B4691FA61E03BCF4001BDC81 /* Info.plist */,
				B4691F951E03BCF4001BDC81 /* Supporting Files */,
			);
			path = PswLock;
			sourceTree = "<group>";
		};
		B4691F951E03BCF4001BDC81 /* Supporting Files */ = {
			isa = PBXGroup;
			children = (
				B4691F961E03BCF4001BDC81 /* main.m */,
			);
			name = "Supporting Files";
			sourceTree = "<group>";
		};
		B4691FB81E0513DF001BDC81 /* GestureLock */ = {
			isa = PBXGroup;
			children = (
				B4691FAC1E03BF30001BDC81 /* LockViewController.h */,
				B4691FAD1E03BF30001BDC81 /* LockViewController.m */,
				B4691FAF1E03C3B5001BDC81 /* LockView.h */,
				B4691FB01E03C3B5001BDC81 /* LockView.m */,
				B4691FB51E03C8D9001BDC81 /* LockButton.h */,
				B4691FB61E03C8D9001BDC81 /* LockButton.m */,
			);
			name = GestureLock;
			sourceTree = "<group>";
		};
/* End PBXGroup section */

/* Begin PBXNativeTarget section */
		B4691F911E03BCF4001BDC81 /* PswLock */ = {
			isa = PBXNativeTarget;
			buildConfigurationList = B4691FA91E03BCF4001BDC81 /* Build configuration list for PBXNativeTarget "PswLock" */;
			buildPhases = (
				B4691F8E1E03BCF4001BDC81 /* Sources */,
				B4691F8F1E03BCF4001BDC81 /* Frameworks */,
				B4691F901E03BCF4001BDC81 /* Resources */,
			);
			buildRules = (
			);
			dependencies = (
			);
			name = PswLock;
			productName = PswLock;
			productReference = B4691F921E03BCF4001BDC81 /* PswLock.app */;
			productType = "com.apple.product-type.application";
		};
/* End PBXNativeTarget section */

/* Begin PBXProject section */
		B4691F8A1E03BCF4001BDC81 /* Project object */ = {
			isa = PBXProject;
			attributes = {
				LastUpgradeCheck = 0810;
				ORGANIZATIONNAME = txx;
				TargetAttributes = {
					B4691F911E03BCF4001BDC81 = {
						CreatedOnToolsVersion = 8.1;
						ProvisioningStyle = Automatic;
					};
				};
			};
			buildConfigurationList = B4691F8D1E03BCF4001BDC81 /* Build configuration list for PBXProject "PswLock" */;
			compatibilityVersion = "Xcode 3.2";
			developmentRegion = English;
			hasScannedForEncodings = 0;
			knownRegions = (
				en,
				Base,
			);
			mainGroup = B4691F891E03BCF4001BDC81;
			productRefGroup = B4691F931E03BCF4001BDC81 /* Products */;
			projectDirPath = "";
			projectRoot = "";
			targets = (
				B4691F911E03BCF4001BDC81 /* PswLock */,
			);
		};
/* End PBXProject section */

/* Begin PBXResourcesBuildPhase section */
		B4691F901E03BCF4001BDC81 /* Resources */ = {
			isa = PBXResourcesBuildPhase;
			buildActionMask = 2147483647;
			files = (
				B4691FA51E03BCF4001BDC81 /* LaunchScreen.storyboard in Resources */,
				B4691FA21E03BCF4001BDC81 /* Assets.xcassets in Resources */,
				B4691FA01E03BCF4001BDC81 /* Main.storyboard in Resources */,
			);
			runOnlyForDeploymentPostprocessing = 0;
		};
/* End PBXResourcesBuildPhase section */

/* Begin PBXSourcesBuildPhase section */
		B4691F8E1E03BCF4001BDC81 /* Sources */ = {
			isa = PBXSourcesBuildPhase;
			buildActionMask = 2147483647;
			files = (
				B4691FB71E03C8D9001BDC81 /* LockButton.m in Sources */,
				B4691F9D1E03BCF4001BDC81 /* ViewController.m in Sources */,
				B4691FBB1E0516CA001BDC81 /* PswView.m in Sources */,
				B4691FB11E03C3B5001BDC81 /* LockView.m in Sources */,
				B4691F9A1E03BCF4001BDC81 /* AppDelegate.m in Sources */,
				B4691F971E03BCF4001BDC81 /* main.m in Sources */,
				B4691FBE1E0516F3001BDC81 /* InputPswView.m in Sources */,
				B4691FAE1E03BF30001BDC81 /* LockViewController.m in Sources */,
			);
			runOnlyForDeploymentPostprocessing = 0;
		};
/* End PBXSourcesBuildPhase section */

/* Begin PBXVariantGroup section */
		B4691F9E1E03BCF4001BDC81 /* Main.storyboard */ = {
			isa = PBXVariantGroup;
			children = (
				B4691F9F1E03BCF4001BDC81 /* Base */,
			);
			name = Main.storyboard;
			sourceTree = "<group>";
		};
		B4691FA31E03BCF4001BDC81 /* LaunchScreen.storyboard */ = {
			isa = PBXVariantGroup;
			children = (
				B4691FA41E03BCF4001BDC81 /* Base */,
			);
			name = LaunchScreen.storyboard;
			sourceTree = "<group>";
		};
/* End PBXVariantGroup section */

/* Begin XCBuildConfiguration section */
		B4691FA71E03BCF4001BDC81 /* Debug */ = {
			isa = XCBuildConfiguration;
			buildSettings = {
				ALWAYS_SEARCH_USER_PATHS = NO;
				CLANG_ANALYZER_NONNULL = YES;
				CLANG_CXX_LANGUAGE_STANDARD = "gnu++0x";
				CLANG_CXX_LIBRARY = "libc++";
				CLANG_ENABLE_MODULES = YES;
				CLANG_ENABLE_OBJC_ARC = YES;
				CLANG_WARN_BOOL_CONVERSION = YES;
				CLANG_WARN_CONSTANT_CONVERSION = YES;
				CLANG_WARN_DIRECT_OBJC_ISA_USAGE = YES_ERROR;
				CLANG_WARN_DOCUMENTATION_COMMENTS = YES;
				CLANG_WARN_EMPTY_BODY = YES;
				CLANG_WARN_ENUM_CONVERSION = YES;
				CLANG_WARN_INFINITE_RECURSION = YES;
				CLANG_WARN_INT_CONVERSION = YES;
				CLANG_WARN_OBJC_ROOT_CLASS = YES_ERROR;
				CLANG_WARN_SUSPICIOUS_MOVES = YES;
				CLANG_WARN_UNREACHABLE_CODE = YES;
				CLANG_WARN__DUPLICATE_METHOD_MATCH = YES;
				"CODE_SIGN_IDENTITY[sdk=iphoneos*]" = "iPhone Developer";
				COPY_PHASE_STRIP = NO;
				DEBUG_INFORMATION_FORMAT = dwarf;
				ENABLE_STRICT_OBJC_MSGSEND = YES;
				ENABLE_TESTABILITY = YES;
				GCC_C_LANGUAGE_STANDARD = gnu99;
				GCC_DYNAMIC_NO_PIC = NO;
				GCC_NO_COMMON_BLOCKS = YES;
				GCC_OPTIMIZATION_LEVEL = 0;
				GCC_PREPROCESSOR_DEFINITIONS = (
					"DEBUG=1",
					"$(inherited)",
				);
				GCC_WARN_64_TO_32_BIT_CONVERSION = YES;
				GCC_WARN_ABOUT_RETURN_TYPE = YES_ERROR;
				GCC_WARN_UNDECLARED_SELECTOR = YES;
				GCC_WARN_UNINITIALIZED_AUTOS = YES_AGGRESSIVE;
				GCC_WARN_UNUSED_FUNCTION = YES;
				GCC_WARN_UNUSED_VARIABLE = YES;
				IPHONEOS_DEPLOYMENT_TARGET = 10.1;
				MTL_ENABLE_DEBUG_INFO = YES;
				ONLY_ACTIVE_ARCH = YES;
				SDKROOT = iphoneos;
			};
			name = Debug;
		};
		B4691FA81E03BCF4001BDC81 /* Release */ = {
			isa = XCBuildConfiguration;
			buildSettings = {
				ALWAYS_SEARCH_USER_PATHS = NO;
				CLANG_ANALYZER_NONNULL = YES;
				CLANG_CXX_LANGUAGE_STANDARD = "gnu++0x";
				CLANG_CXX_LIBRARY = "libc++";
				CLANG_ENABLE_MODULES = YES;
				CLANG_ENABLE_OBJC_ARC = YES;
				CLANG_WARN_BOOL_CONVERSION = YES;
				CLANG_WARN_CONSTANT_CONVERSION = YES;
				CLANG_WARN_DIRECT_OBJC_ISA_USAGE = YES_ERROR;
				CLANG_WARN_DOCUMENTATION_COMMENTS = YES;
				CLANG_WARN_EMPTY_BODY = YES;
				CLANG_WARN_ENUM_CONVERSION = YES;
				CLANG_WARN_INFINITE_RECURSION = YES;
				CLANG_WARN_INT_CONVERSION = YES;
				CLANG_WARN_OBJC_ROOT_CLASS = YES_ERROR;
				CLANG_WARN_SUSPICIOUS_MOVES = YES;
				CLANG_WARN_UNREACHABLE_CODE = YES;
				CLANG_WARN__DUPLICATE_METHOD_MATCH = YES;
				"CODE_SIGN_IDENTITY[sdk=iphoneos*]" = "iPhone Developer";
				COPY_PHASE_STRIP = NO;
				DEBUG_INFORMATION_FORMAT = "dwarf-with-dsym";
				ENABLE_NS_ASSERTIONS = NO;
				ENABLE_STRICT_OBJC_MSGSEND = YES;
				GCC_C_LANGUAGE_STANDARD = gnu99;
				GCC_NO_COMMON_BLOCKS = YES;
				GCC_WARN_64_TO_32_BIT_CONVERSION = YES;
				GCC_WARN_ABOUT_RETURN_TYPE = YES_ERROR;
				GCC_WARN_UNDECLARED_SELECTOR = YES;
				GCC_WARN_UNINITIALIZED_AUTOS = YES_AGGRESSIVE;
				GCC_WARN_UNUSED_FUNCTION = YES;
				GCC_WARN_UNUSED_VARIABLE = YES;
				IPHONEOS_DEPLOYMENT_TARGET = 10.1;
				MTL_ENABLE_DEBUG_INFO = NO;
				SDKROOT = iphoneos;
				VALIDATE_PRODUCT = YES;
			};
			name = Release;
		};
		B4691FAA1E03BCF4001BDC81 /* Debug */ = {
			isa = XCBuildConfiguration;
			buildSettings = {
				ASSETCATALOG_COMPILER_APPICON_NAME = AppIcon;
				INFOPLIST_FILE = PswLock/Info.plist;
				LD_RUNPATH_SEARCH_PATHS = "$(inherited) @executable_path/Frameworks";
				PRODUCT_BUNDLE_IDENTIFIER = com.51jk.PswLock;
				PRODUCT_NAME = "$(TARGET_NAME)";
			};
			name = Debug;
		};
		B4691FAB1E03BCF4001BDC81 /* Release */ = {
			isa = XCBuildConfiguration;
			buildSettings = {
				ASSETCATALOG_COMPILER_APPICON_NAME = AppIcon;
				INFOPLIST_FILE = PswLock/Info.plist;
				LD_RUNPATH_SEARCH_PATHS = "$(inherited) @executable_path/Frameworks";
				PRODUCT_BUNDLE_IDENTIFIER = com.51jk.PswLock;
				PRODUCT_NAME = "$(TARGET_NAME)";
			};
			name = Release;
		};
/* End XCBuildConfiguration section */

/* Begin XCConfigurationList section */
		B4691F8D1E03BCF4001BDC81 /* Build configuration list for PBXProject "PswLock" */ = {
			isa = XCConfigurationList;
			buildConfigurations = (
				B4691FA71E03BCF4001BDC81 /* Debug */,
				B4691FA81E03BCF4001BDC81 /* Release */,
			);
			defaultConfigurationIsVisible = 0;
			defaultConfigurationName = Release;
		};
		B4691FA91E03BCF4001BDC81 /* Build configuration list for PBXNativeTarget "PswLock" */ = {
			isa = XCConfigurationList;
			buildConfigurations = (
				B4691FAA1E03BCF4001BDC81 /* Debug */,
				B4691FAB1E03BCF4001BDC81 /* Release */,
			);
			defaultConfigurationIsVisible = 0;
		};
/* End XCConfigurationList section */
	};
	rootObject = B4691F8A1E03BCF4001BDC81 /* Project object */;
}
